
Microsoft Visual Studio Solution File, Format Version 12.00
# Visual Studio 15
VisualStudioVersion = 15.0.28307.852
MinimumVisualStudioVersion = 10.0.40219.1
Project("{FAE04EC0-301F-11D3-BF4B-00C04F79EFBC}") = "Stallus", "Stallus\Stallus.csproj", "{595C1BFC-F781-4E2E-969F-B6FEA72B574B}"
EndProject
Project("{FAE04EC0-301F-11D3-BF4B-00C04F79EFBC}") = "test", "test\test.csproj", "{00F890CB-4BDB-406E-825D-B082135721ED}"
EndProject
Project("{FAE04EC0-301F-11D3-BF4B-00C04F79EFBC}") = "StallusUnitTest", "StallusUnitTest\StallusUnitTest.csproj", "{5E2A4BF4-AAED-452F-AA23-3E1FE1BAE552}"
EndProject
Global
	GlobalSection(SolutionConfigurationPlatforms) = preSolution
		Debug|Any CPU = Debug|Any CPU
		Release|Any CPU = Release|Any CPU
	EndGlobalSection
	GlobalSection(ProjectConfigurationPlatforms) = postSolution
		{595C1BFC-F781-4E2E-969F-B6FEA72B574B}.Debug|Any CPU.ActiveCfg = Debug|Any CPU
		{595C1BFC-F781-4E2E-969F-B6FEA72B574B}.Debug|Any CPU.Build.0 = Debug|Any CPU
		{595C1BFC-F781-4E2E-969F-B6FEA72B574B}.Release|Any CPU.ActiveCfg = Release|Any CPU
		{595C1BFC-F781-4E2E-969F-B6FEA72B574B}.Release|Any CPU.Build.0 = Release|Any CPU
		{00F890CB-4BDB-406E-825D-B082135721ED}.Debug|Any CPU.ActiveCfg = Debug|Any CPU
		{00F890CB-4BDB-406E-825D-B082135721ED}.Debug|Any CPU.Build.0 = Debug|Any CPU
		{00F890CB-4BDB-406E-825D-B082135721ED}.Release|Any CPU.ActiveCfg = Release|Any CPU
		{00F890CB-4BDB-406E-825D-B082135721ED}.Release|Any CPU.Build.0 = Release|Any CPU
		{5E2A4BF4-AAED-452F-AA23-3E1FE1BAE552}.Debug|Any CPU.ActiveCfg = Debug|Any CPU
		{5E2A4BF4-AAED-452F-AA23-3E1FE1BAE552}.Debug|Any CPU.Build.0 = Debug|Any CPU
		{5E2A4BF4-AAED-452F-AA23-3E1FE1BAE552}.Release|Any CPU.ActiveCfg = Release|Any CPU
		{5E2A4BF4-AAED-452F-AA23-3E1FE1BAE552}.Release|Any CPU.Build.0 = Release|Any CPU
	EndGlobalSection
	GlobalSection(SolutionProperties) = preSolution
		HideSolutionNode = FALSE
	EndGlobalSection
	GlobalSection(ExtensibilityGlobals) = postSolution
		SolutionGuid = {35A86D07-0AA2-4672-B7F2-C5F9491E6B54}
	EndGlobalSection
EndGlobal
